
Microsoft Visual Studio Solution File, Format Version 12.00
# Visual Studio Version 17
VisualStudioVersion = 17.4.33122.133
MinimumVisualStudioVersion = 10.0.40219.1
Project("{FAE04EC0-301F-11D3-BF4B-00C04F79EFBC}") = "arielsproject", "arielsproject\arielsproject.csproj", "{3D3C854B-AA75-4D94-9217-F35067EDF5C7}"
EndProject
Global
	GlobalSection(SolutionConfigurationPlatforms) = preSolution
		Debug|Any CPU = Debug|Any CPU
		Release|Any CPU = Release|Any CPU
	EndGlobalSection
	GlobalSection(ProjectConfigurationPlatforms) = postSolution
		{3D3C854B-AA75-4D94-9217-F35067EDF5C7}.Debug|Any CPU.ActiveCfg = Debug|Any CPU
		{3D3C854B-AA75-4D94-9217-F35067EDF5C7}.Debug|Any CPU.Build.0 = Debug|Any CPU
		{3D3C854B-AA75-4D94-9217-F35067EDF5C7}.Release|Any CPU.ActiveCfg = Release|Any CPU
		{3D3C854B-AA75-4D94-9217-F35067EDF5C7}.Release|Any CPU.Build.0 = Release|Any CPU
	EndGlobalSection
	GlobalSection(SolutionProperties) = preSolution
		HideSolutionNode = FALSE
	EndGlobalSection
	GlobalSection(ExtensibilityGlobals) = postSolution
		SolutionGuid = {F0194F4F-6428-4DBC-AA31-6916791B281B}
	EndGlobalSection
EndGlobal
